
Microsoft Visual Studio Solution File, Format Version 12.00
# Visual Studio 2013
VisualStudioVersion = 12.0.40629.0
MinimumVisualStudioVersion = 10.0.40219.1
Project("{FAE04EC0-301F-11D3-BF4B-00C04F79EFBC}") = "hmbzbfwfc", "hmbzbfwfc\hmbzbfwfc.csproj", "{0F4D3F9D-C338-4818-9A1C-81936F133C20}"
EndProject
Project("{FAE04EC0-301F-11D3-BF4B-00C04F79EFBC}") = "DataLayer", "DataLayer\DataLayer.csproj", "{A9DCAA4F-AD5F-44EC-966E-924AD88584B5}"
EndProject
Project("{FAE04EC0-301F-11D3-BF4B-00C04F79EFBC}") = "BusinessRule", "BusinessRule\BusinessRule.csproj", "{3021F255-0A5C-4A43-A2EB-C46D445E225E}"
EndProject
Global
	GlobalSection(SolutionConfigurationPlatforms) = preSolution
		Debug|Any CPU = Debug|Any CPU
		Release|Any CPU = Release|Any CPU
	EndGlobalSection
	GlobalSection(ProjectConfigurationPlatforms) = postSolution
		{0F4D3F9D-C338-4818-9A1C-81936F133C20}.Debug|Any CPU.ActiveCfg = Debug|Any CPU
		{0F4D3F9D-C338-4818-9A1C-81936F133C20}.Debug|Any CPU.Build.0 = Debug|Any CPU
		{0F4D3F9D-C338-4818-9A1C-81936F133C20}.Release|Any CPU.ActiveCfg = Release|Any CPU
		{0F4D3F9D-C338-4818-9A1C-81936F133C20}.Release|Any CPU.Build.0 = Release|Any CPU
		{A9DCAA4F-AD5F-44EC-966E-924AD88584B5}.Debug|Any CPU.ActiveCfg = Debug|Any CPU
		{A9DCAA4F-AD5F-44EC-966E-924AD88584B5}.Debug|Any CPU.Build.0 = Debug|Any CPU
		{A9DCAA4F-AD5F-44EC-966E-924AD88584B5}.Release|Any CPU.ActiveCfg = Release|Any CPU
		{A9DCAA4F-AD5F-44EC-966E-924AD88584B5}.Release|Any CPU.Build.0 = Release|Any CPU
		{3021F255-0A5C-4A43-A2EB-C46D445E225E}.Debug|Any CPU.ActiveCfg = Debug|Any CPU
		{3021F255-0A5C-4A43-A2EB-C46D445E225E}.Debug|Any CPU.Build.0 = Debug|Any CPU
		{3021F255-0A5C-4A43-A2EB-C46D445E225E}.Release|Any CPU.ActiveCfg = Release|Any CPU
		{3021F255-0A5C-4A43-A2EB-C46D445E225E}.Release|Any CPU.Build.0 = Release|Any CPU
	EndGlobalSection
	GlobalSection(SolutionProperties) = preSolution
		HideSolutionNode = FALSE
	EndGlobalSection
EndGlobal
